
Microsoft Visual Studio Solution File, Format Version 12.00
# Visual Studio Version 16
VisualStudioVersion = 16.0.29609.76
MinimumVisualStudioVersion = 10.0.40219.1
Project("{9A19103F-16F7-4668-BE54-9A1E7A4F7556}") = "MVC", "MVC.csproj", "{708AD3F5-82F7-4F5E-A16F-FC3B6EFADC70}"
EndProject
Global
	GlobalSection(SolutionConfigurationPlatforms) = preSolution
		Debug|Any CPU = Debug|Any CPU
		Release|Any CPU = Release|Any CPU
	EndGlobalSection
	GlobalSection(ProjectConfigurationPlatforms) = postSolution
		{708AD3F5-82F7-4F5E-A16F-FC3B6EFADC70}.Debug|Any CPU.ActiveCfg = Debug|Any CPU
		{708AD3F5-82F7-4F5E-A16F-FC3B6EFADC70}.Debug|Any CPU.Build.0 = Debug|Any CPU
		{708AD3F5-82F7-4F5E-A16F-FC3B6EFADC70}.Release|Any CPU.ActiveCfg = Release|Any CPU
		{708AD3F5-82F7-4F5E-A16F-FC3B6EFADC70}.Release|Any CPU.Build.0 = Release|Any CPU
	EndGlobalSection
	GlobalSection(SolutionProperties) = preSolution
		HideSolutionNode = FALSE
	EndGlobalSection
	GlobalSection(ExtensibilityGlobals) = postSolution
		SolutionGuid = {F616E466-0B42-44C5-A188-E6BCADE9746C}
	EndGlobalSection
EndGlobal
